
Microsoft Visual Studio Solution File, Format Version 12.00
# Visual Studio Version 17
VisualStudioVersion = 17.4.33213.308
MinimumVisualStudioVersion = 10.0.40219.1
Project("{FAE04EC0-301F-11D3-BF4B-00C04F79EFBC}") = "laboratoriorepaso7", "laboratoriorepaso7.csproj", "{81221B9B-7FA3-4023-95EF-EF26CA9CDF01}"
EndProject
Global
	GlobalSection(SolutionConfigurationPlatforms) = preSolution
		Debug|Any CPU = Debug|Any CPU
		Release|Any CPU = Release|Any CPU
	EndGlobalSection
	GlobalSection(ProjectConfigurationPlatforms) = postSolution
		{81221B9B-7FA3-4023-95EF-EF26CA9CDF01}.Debug|Any CPU.ActiveCfg = Debug|Any CPU
		{81221B9B-7FA3-4023-95EF-EF26CA9CDF01}.Debug|Any CPU.Build.0 = Debug|Any CPU
		{81221B9B-7FA3-4023-95EF-EF26CA9CDF01}.Release|Any CPU.ActiveCfg = Release|Any CPU
		{81221B9B-7FA3-4023-95EF-EF26CA9CDF01}.Release|Any CPU.Build.0 = Release|Any CPU
	EndGlobalSection
	GlobalSection(SolutionProperties) = preSolution
		HideSolutionNode = FALSE
	EndGlobalSection
	GlobalSection(ExtensibilityGlobals) = postSolution
		SolutionGuid = {30F60B69-CC45-4041-93FB-1D51BE81C1E3}
	EndGlobalSection
EndGlobal
